{
  "name": "encode",
  "version": "1.0.0",
  "lockfileVersion": 3,
  "requires": true,
  "packages": {
    "": {
      "name": "encode",
      "version": "1.0.0",
      "license": "MIT",
      "dependencies": {
        "jshashes": "^1.0.8",
        "punycode": "^2.3.1"
      },
      "devDependencies": {
        "prettier": "^3.5.3"
      }
    },
    "node_modules/jshashes": {
      "version": "1.0.8",
      "resolved": "https://registry.npmjs.org/jshashes/-/jshashes-1.0.8.tgz",
      "integrity": "sha512-btmQZ/w1rj8Lb6nEwvhjM7nBYoj54yaEFo2PWh3RkxZ8qNwuvOxvQYN/JxVuwoMmdIluL+XwYVJ+pEEZoSYybQ==",
      "bin": {
        "hashes": "bin/hashes"
      },
      "engines": {
        "node": "*"
      }
    },
    "node_modules/prettier": {
      "version": "3.5.3",
      "resolved": "https://registry.npmjs.org/prettier/-/prettier-3.5.3.tgz",
      "integrity": "sha512-QQtaxnoDJeAkDvDKWCLiwIXkTgRhwYDEQCghU9Z6q03iyek/rxRh/2lC3HB7P8sWT2xC/y5JDctPLBIGzHKbhw==",
      "dev": true,
      "license": "MIT",
      "bin": {
        "prettier": "bin/prettier.cjs"
      },
      "engines": {
        "node": ">=14"
      },
      "funding": {
        "url": "https://github.com/prettier/prettier?sponsor=1"
      }
    },
    "node_modules/punycode": {
      "version": "2.3.1",
      "resolved": "https://registry.npmjs.org/punycode/-/punycode-2.3.1.tgz",
      "integrity": "sha512-vYt7UD1U9Wg6138shLtLOvdAu+8DsC/ilFtEVHcH+wydcSpNE20AfSOduf6MkRFahL5FY7X1oU7nKVZFtfq8Fg==",
      "engines": {
        "node": ">=6"
      }
    }
  }
}
