{
  "name": "encode",
  "version": "1.0.0",
  "lockfileVersion": 1,
  "requires": true,
  "dependencies": {
    "jshashes": {
      "version": "1.0.8",
      "resolved": "https://registry.npmjs.org/jshashes/-/jshashes-1.0.8.tgz",
      "integrity": "sha512-btmQZ/w1rj8Lb6nEwvhjM7nBYoj54yaEFo2PWh3RkxZ8qNwuvOxvQYN/JxVuwoMmdIluL+XwYVJ+pEEZoSYybQ=="
    },
    "prettier": {
      "version": "3.0.0",
      "resolved": "https://registry.npmjs.org/prettier/-/prettier-3.0.0.tgz",
      "integrity": "sha512-zBf5eHpwHOGPC47h0zrPyNn+eAEIdEzfywMoYn2XPi0P44Zp0tSq64rq0xAREh4auw2cJZHo9QUob+NqCQky4g==",
      "dev": true
    },
    "punycode": {
      "version": "2.3.0",
      "resolved": "https://registry.npmjs.org/punycode/-/punycode-2.3.0.tgz",
      "integrity": "sha512-rRV+zQD8tVFys26lAGR9WUuS4iUAngJScM+ZRSKtvl5tKeZ2t5bvdNFdNHBW9FWR4guGHlgmsZ1G7BSm2wTbuA=="
    }
  }
}
